{"is_source_file": false, "format": "", "description": "", "external_files": [], "external_methods": [], "published": [], "classes": [], "methods": [], "calls": [], "search-terms": [], "state": 2, "file_id": 34, "knowledge_revision": 83, "git_revision": "5ca55f9dcba226d19e0b72742d25492c9199b00f", "hash": "e9b4c3b42cef0193b7fddb548d37e652", "format-version": 4, "code-base-name": "default", "filename": "storycraft_ai_frontend/post_process_status.lock", "revision_history": [{"83": "5ca55f9dcba226d19e0b72742d25492c9199b00f"}]}